
Microsoft Visual Studio Solution File, Format Version 12.00
# Visual Studio Version 17
VisualStudioVersion = 17.3.32825.248
MinimumVisualStudioVersion = 10.0.40219.1
Project("{FAE04EC0-301F-11D3-BF4B-00C04F79EFBC}") = "CardMaker", "CardMaker\CardMaker.csproj", "{49AB3FC5-596A-4B33-963C-C16E1862AF16}"
	ProjectSection(ProjectDependencies) = postProject
		{4F346951-3044-47B9-8779-28FE3170CAAB} = {4F346951-3044-47B9-8779-28FE3170CAAB}
	EndProjectSection
EndProject
Project("{FAE04EC0-301F-11D3-BF4B-00C04F79EFBC}") = "UnitTest", "CardMaker\Test\UnitTest\UnitTest.csproj", "{9A53D5BF-7BAB-41FC-BC6E-6342757B64D5}"
EndProject
Project("{FAE04EC0-301F-11D3-BF4B-00C04F79EFBC}") = "CardMaker_Mono", "CardMaker\CardMaker_Mono.csproj", "{4F346951-3044-47B9-8779-28FE3170CAAB}"
EndProject
Global
	GlobalSection(SolutionConfigurationPlatforms) = preSolution
		Debug|Any CPU = Debug|Any CPU
		Release|Any CPU = Release|Any CPU
	EndGlobalSection
	GlobalSection(ProjectConfigurationPlatforms) = postSolution
		{49AB3FC5-596A-4B33-963C-C16E1862AF16}.Debug|Any CPU.ActiveCfg = Debug|Any CPU
		{49AB3FC5-596A-4B33-963C-C16E1862AF16}.Debug|Any CPU.Build.0 = Debug|Any CPU
		{49AB3FC5-596A-4B33-963C-C16E1862AF16}.Release|Any CPU.ActiveCfg = Release|Any CPU
		{49AB3FC5-596A-4B33-963C-C16E1862AF16}.Release|Any CPU.Build.0 = Release|Any CPU
		{9A53D5BF-7BAB-41FC-BC6E-6342757B64D5}.Debug|Any CPU.ActiveCfg = Debug|Any CPU
		{9A53D5BF-7BAB-41FC-BC6E-6342757B64D5}.Debug|Any CPU.Build.0 = Debug|Any CPU
		{9A53D5BF-7BAB-41FC-BC6E-6342757B64D5}.Release|Any CPU.ActiveCfg = Release|Any CPU
		{9A53D5BF-7BAB-41FC-BC6E-6342757B64D5}.Release|Any CPU.Build.0 = Release|Any CPU
		{4F346951-3044-47B9-8779-28FE3170CAAB}.Debug|Any CPU.ActiveCfg = Debug|Any CPU
		{4F346951-3044-47B9-8779-28FE3170CAAB}.Debug|Any CPU.Build.0 = Debug|Any CPU
		{4F346951-3044-47B9-8779-28FE3170CAAB}.Release|Any CPU.ActiveCfg = Release|Any CPU
		{4F346951-3044-47B9-8779-28FE3170CAAB}.Release|Any CPU.Build.0 = Release|Any CPU
	EndGlobalSection
	GlobalSection(SolutionProperties) = preSolution
		HideSolutionNode = FALSE
	EndGlobalSection
	GlobalSection(ExtensibilityGlobals) = postSolution
		SolutionGuid = {06596F77-D2C0-46D0-9EB2-10CD56411F56}
	EndGlobalSection
EndGlobal
